
Microsoft Visual Studio Solution File, Format Version 12.00
# Visual Studio Version 16
VisualStudioVersion = 16.0.30907.101
MinimumVisualStudioVersion = 10.0.40219.1
Project("{FAE04EC0-301F-11D3-BF4B-00C04F79EFBC}") = "AgeCalculator", "AgeCalculator\AgeCalculator.csproj", "{26171B48-B74C-406C-8689-C79F7590825C}"
EndProject
Global
	GlobalSection(SolutionConfigurationPlatforms) = preSolution
		Debug|Any CPU = Debug|Any CPU
		Release|Any CPU = Release|Any CPU
	EndGlobalSection
	GlobalSection(ProjectConfigurationPlatforms) = postSolution
		{26171B48-B74C-406C-8689-C79F7590825C}.Debug|Any CPU.ActiveCfg = Debug|Any CPU
		{26171B48-B74C-406C-8689-C79F7590825C}.Debug|Any CPU.Build.0 = Debug|Any CPU
		{26171B48-B74C-406C-8689-C79F7590825C}.Release|Any CPU.ActiveCfg = Release|Any CPU
		{26171B48-B74C-406C-8689-C79F7590825C}.Release|Any CPU.Build.0 = Release|Any CPU
	EndGlobalSection
	GlobalSection(SolutionProperties) = preSolution
		HideSolutionNode = FALSE
	EndGlobalSection
	GlobalSection(ExtensibilityGlobals) = postSolution
		SolutionGuid = {1ABB896F-FEEE-407D-86BD-DD2C9672ABC7}
	EndGlobalSection
EndGlobal
